
Microsoft Visual Studio Solution File, Format Version 12.00
# Visual Studio Version 17
VisualStudioVersion = 17.14.36202.13 d17.14
MinimumVisualStudioVersion = 10.0.40219.1
Project("{FAE04EC0-301F-11D3-BF4B-00C04F79EFBC}") = "PedidoGestaoAPI", "PedidoGestaoAPI.csproj", "{0968DCF2-FDAE-4539-9D48-4A4ACA511755}"
EndProject
Project("{FAE04EC0-301F-11D3-BF4B-00C04F79EFBC}") = "PedidoGestao.Domain", "..\PedidoGestao.Domain\PedidoGestao.Domain.csproj", "{1AEC59CB-1DC1-41A6-A048-A4A8A9914FFE}"
EndProject
Project("{FAE04EC0-301F-11D3-BF4B-00C04F79EFBC}") = "PedidoGestao.Infrastructure", "..\PedidoGestao.Infrastructure\PedidoGestao.Infrastructure.csproj", "{D33B01E6-C00C-48A9-8E59-32640129A2CE}"
EndProject
Global
	GlobalSection(SolutionConfigurationPlatforms) = preSolution
		Debug|Any CPU = Debug|Any CPU
		Release|Any CPU = Release|Any CPU
	EndGlobalSection
	GlobalSection(ProjectConfigurationPlatforms) = postSolution
		{0968DCF2-FDAE-4539-9D48-4A4ACA511755}.Debug|Any CPU.ActiveCfg = Debug|Any CPU
		{0968DCF2-FDAE-4539-9D48-4A4ACA511755}.Debug|Any CPU.Build.0 = Debug|Any CPU
		{0968DCF2-FDAE-4539-9D48-4A4ACA511755}.Release|Any CPU.ActiveCfg = Release|Any CPU
		{0968DCF2-FDAE-4539-9D48-4A4ACA511755}.Release|Any CPU.Build.0 = Release|Any CPU
		{1AEC59CB-1DC1-41A6-A048-A4A8A9914FFE}.Debug|Any CPU.ActiveCfg = Debug|Any CPU
		{1AEC59CB-1DC1-41A6-A048-A4A8A9914FFE}.Debug|Any CPU.Build.0 = Debug|Any CPU
		{1AEC59CB-1DC1-41A6-A048-A4A8A9914FFE}.Release|Any CPU.ActiveCfg = Release|Any CPU
		{1AEC59CB-1DC1-41A6-A048-A4A8A9914FFE}.Release|Any CPU.Build.0 = Release|Any CPU
		{D33B01E6-C00C-48A9-8E59-32640129A2CE}.Debug|Any CPU.ActiveCfg = Debug|Any CPU
		{D33B01E6-C00C-48A9-8E59-32640129A2CE}.Debug|Any CPU.Build.0 = Debug|Any CPU
		{D33B01E6-C00C-48A9-8E59-32640129A2CE}.Release|Any CPU.ActiveCfg = Release|Any CPU
		{D33B01E6-C00C-48A9-8E59-32640129A2CE}.Release|Any CPU.Build.0 = Release|Any CPU
	EndGlobalSection
	GlobalSection(SolutionProperties) = preSolution
		HideSolutionNode = FALSE
	EndGlobalSection
	GlobalSection(ExtensibilityGlobals) = postSolution
		SolutionGuid = {8D568E21-FE08-40ED-A464-D4DB542178FC}
	EndGlobalSection
EndGlobal
